dependencies:
- name: cortex
  repository: https://cortexproject.github.io/cortex-helm-chart
  version: 0.7.0
- name: memcached
  repository: ""
  version: 5.15.14
- name: memcached
  repository: ""
  version: 5.15.14
- name: memcached
  repository: ""
  version: 5.15.14
- name: memcached
  repository: ""
  version: 5.15.14
- name: memcached
  repository: ""
  version: 5.15.14
- name: memcached
  repository: ""
  version: 5.15.14
- name: memcached
  repository: ""
  version: 5.15.14
digest: sha256:05a4335f375df3b84a926f4021a8531c4b621afe159a5e0a8b4837ff6c7e8f82
generated: "2023-01-05T10:55:55.657915344+01:00"
