dependencies:
- name: cortex
  repository: https://cortexproject.github.io/cortex-helm-chart
  version: 0.7.0
- name: memcached
  repository: https://charts.bitnami.com/bitnami
  version: 5.15.4
- name: memcached
  repository: https://charts.bitnami.com/bitnami
  version: 5.15.4
- name: memcached
  repository: https://charts.bitnami.com/bitnami
  version: 5.15.4
- name: memcached
  repository: https://charts.bitnami.com/bitnami
  version: 5.15.4
- name: memcached
  repository: https://charts.bitnami.com/bitnami
  version: 5.15.4
- name: memcached
  repository: https://charts.bitnami.com/bitnami
  version: 5.15.4
- name: memcached
  repository: https://charts.bitnami.com/bitnami
  version: 5.15.4
digest: sha256:e1d9acf2f26b40e229432e4fb867fa70769f7422c8b3f85954fa122e27378485
generated: "2022-04-22T16:12:18.0986065+02:00"
